
Microsoft Visual Studio Solution File, Format Version 12.00
# Visual Studio 2012
Project("{FAE04EC0-301F-11D3-BF4B-00C04F79EFBC}") = "Splash", "Splash\Splash.csproj", "{AD8395E6-3022-423B-8A44-31F863A3C00C}"
EndProject
Project("{FAE04EC0-301F-11D3-BF4B-00C04F79EFBC}") = "SplashTests", "SplashTests\SplashTests.csproj", "{5DB88084-6D83-484F-9C97-1A875D2287C4}"
EndProject
Global
	GlobalSection(SolutionConfigurationPlatforms) = preSolution
		Debug|Any CPU = Debug|Any CPU
		Release|Any CPU = Release|Any CPU
	EndGlobalSection
	GlobalSection(ProjectConfigurationPlatforms) = postSolution
		{AD8395E6-3022-423B-8A44-31F863A3C00C}.Debug|Any CPU.ActiveCfg = Debug|Any CPU
		{AD8395E6-3022-423B-8A44-31F863A3C00C}.Debug|Any CPU.Build.0 = Debug|Any CPU
		{AD8395E6-3022-423B-8A44-31F863A3C00C}.Release|Any CPU.ActiveCfg = Release|Any CPU
		{AD8395E6-3022-423B-8A44-31F863A3C00C}.Release|Any CPU.Build.0 = Release|Any CPU
		{5DB88084-6D83-484F-9C97-1A875D2287C4}.Debug|Any CPU.ActiveCfg = Debug|Any CPU
		{5DB88084-6D83-484F-9C97-1A875D2287C4}.Debug|Any CPU.Build.0 = Debug|Any CPU
		{5DB88084-6D83-484F-9C97-1A875D2287C4}.Release|Any CPU.ActiveCfg = Release|Any CPU
		{5DB88084-6D83-484F-9C97-1A875D2287C4}.Release|Any CPU.Build.0 = Release|Any CPU
	EndGlobalSection
	GlobalSection(SolutionProperties) = preSolution
		HideSolutionNode = FALSE
	EndGlobalSection
EndGlobal
